# This file is automatically @generated by Cargo.
# It is not intended for manual editing.
version = 4

[[package]]
name = "eunomia"
version = "0.1.0"
dependencies = [
 "libthemis",
 "themis-abi",
]

[[package]]
name = "libthemis"
version = "0.1.0"
dependencies = [
 "themis-abi",
]

[[package]]
name = "themis-abi"
version = "0.1.0"
